
Microsoft Visual Studio Solution File, Format Version 12.00
# Visual Studio Version 17
VisualStudioVersion = 17.0.31903.59
MinimumVisualStudioVersion = 10.0.40219.1
Project("{2150E333-8FDC-42A3-9474-1A3956D46DE8}") = "src", "src", "{827E0CD3-B72D-47B6-A68D-7590B98EB39B}"
EndProject
Project("{FAE04EC0-301F-11D3-BF4B-00C04F79EFBC}") = "Neatly.Uninstaller.App", "src\Neatly.Uninstaller.App\Neatly.Uninstaller.App.csproj", "{B493DECA-61AD-499E-97C4-324756EFC154}"
EndProject
Project("{FAE04EC0-301F-11D3-BF4B-00C04F79EFBC}") = "Neatly.Uninstaller.Core", "src\Neatly.Uninstaller.Core\Neatly.Uninstaller.Core.csproj", "{978C8D7C-9B92-4C3D-8696-D33E05C2CA42}"
EndProject
Project("{FAE04EC0-301F-11D3-BF4B-00C04F79EFBC}") = "Neatly.Uninstaller.Windows", "src\Neatly.Uninstaller.Windows\Neatly.Uninstaller.Windows.csproj", "{03B5C6E8-4470-4027-98AB-ECA9E594C9A3}"
EndProject
Project("{FAE04EC0-301F-11D3-BF4B-00C04F79EFBC}") = "Neatly.Uninstaller.Win32", "src\Neatly.Uninstaller.Win32\Neatly.Uninstaller.Win32.csproj", "{548862D3-39B5-4121-8941-2FD9FBF3E60A}"
EndProject
Global
	GlobalSection(SolutionConfigurationPlatforms) = preSolution
		Debug|Any CPU = Debug|Any CPU
		Debug|x64 = Debug|x64
		Debug|x86 = Debug|x86
		Release|Any CPU = Release|Any CPU
		Release|x64 = Release|x64
		Release|x86 = Release|x86
	EndGlobalSection
	GlobalSection(ProjectConfigurationPlatforms) = postSolution
		{B493DECA-61AD-499E-97C4-324756EFC154}.Debug|Any CPU.ActiveCfg = Debug|Any CPU
		{B493DECA-61AD-499E-97C4-324756EFC154}.Debug|Any CPU.Build.0 = Debug|Any CPU
		{B493DECA-61AD-499E-97C4-324756EFC154}.Debug|x64.ActiveCfg = Debug|Any CPU
		{B493DECA-61AD-499E-97C4-324756EFC154}.Debug|x64.Build.0 = Debug|Any CPU
		{B493DECA-61AD-499E-97C4-324756EFC154}.Debug|x86.ActiveCfg = Debug|Any CPU
		{B493DECA-61AD-499E-97C4-324756EFC154}.Debug|x86.Build.0 = Debug|Any CPU
		{B493DECA-61AD-499E-97C4-324756EFC154}.Release|Any CPU.ActiveCfg = Release|Any CPU
		{B493DECA-61AD-499E-97C4-324756EFC154}.Release|Any CPU.Build.0 = Release|Any CPU
		{B493DECA-61AD-499E-97C4-324756EFC154}.Release|x64.ActiveCfg = Release|Any CPU
		{B493DECA-61AD-499E-97C4-324756EFC154}.Release|x64.Build.0 = Release|Any CPU
		{B493DECA-61AD-499E-97C4-324756EFC154}.Release|x86.ActiveCfg = Release|Any CPU
		{B493DECA-61AD-499E-97C4-324756EFC154}.Release|x86.Build.0 = Release|Any CPU
		{978C8D7C-9B92-4C3D-8696-D33E05C2CA42}.Debug|Any CPU.ActiveCfg = Debug|Any CPU
		{978C8D7C-9B92-4C3D-8696-D33E05C2CA42}.Debug|Any CPU.Build.0 = Debug|Any CPU
		{978C8D7C-9B92-4C3D-8696-D33E05C2CA42}.Debug|x64.ActiveCfg = Debug|Any CPU
		{978C8D7C-9B92-4C3D-8696-D33E05C2CA42}.Debug|x64.Build.0 = Debug|Any CPU
		{978C8D7C-9B92-4C3D-8696-D33E05C2CA42}.Debug|x86.ActiveCfg = Debug|Any CPU
		{978C8D7C-9B92-4C3D-8696-D33E05C2CA42}.Debug|x86.Build.0 = Debug|Any CPU
		{978C8D7C-9B92-4C3D-8696-D33E05C2CA42}.Release|Any CPU.ActiveCfg = Release|Any CPU
		{978C8D7C-9B92-4C3D-8696-D33E05C2CA42}.Release|Any CPU.Build.0 = Release|Any CPU
		{978C8D7C-9B92-4C3D-8696-D33E05C2CA42}.Release|x64.ActiveCfg = Release|Any CPU
		{978C8D7C-9B92-4C3D-8696-D33E05C2CA42}.Release|x64.Build.0 = Release|Any CPU
		{978C8D7C-9B92-4C3D-8696-D33E05C2CA42}.Release|x86.ActiveCfg = Release|Any CPU
		{978C8D7C-9B92-4C3D-8696-D33E05C2CA42}.Release|x86.Build.0 = Release|Any CPU
		{03B5C6E8-4470-4027-98AB-ECA9E594C9A3}.Debug|Any CPU.ActiveCfg = Debug|Any CPU
		{03B5C6E8-4470-4027-98AB-ECA9E594C9A3}.Debug|Any CPU.Build.0 = Debug|Any CPU
		{03B5C6E8-4470-4027-98AB-ECA9E594C9A3}.Debug|x64.ActiveCfg = Debug|Any CPU
		{03B5C6E8-4470-4027-98AB-ECA9E594C9A3}.Debug|x64.Build.0 = Debug|Any CPU
		{03B5C6E8-4470-4027-98AB-ECA9E594C9A3}.Debug|x86.ActiveCfg = Debug|Any CPU
		{03B5C6E8-4470-4027-98AB-ECA9E594C9A3}.Debug|x86.Build.0 = Debug|Any CPU
		{03B5C6E8-4470-4027-98AB-ECA9E594C9A3}.Release|Any CPU.ActiveCfg = Release|Any CPU
		{03B5C6E8-4470-4027-98AB-ECA9E594C9A3}.Release|Any CPU.Build.0 = Release|Any CPU
		{03B5C6E8-4470-4027-98AB-ECA9E594C9A3}.Release|x64.ActiveCfg = Release|Any CPU
		{03B5C6E8-4470-4027-98AB-ECA9E594C9A3}.Release|x64.Build.0 = Release|Any CPU
		{03B5C6E8-4470-4027-98AB-ECA9E594C9A3}.Release|x86.ActiveCfg = Release|Any CPU
		{03B5C6E8-4470-4027-98AB-ECA9E594C9A3}.Release|x86.Build.0 = Release|Any CPU
		{548862D3-39B5-4121-8941-2FD9FBF3E60A}.Debug|Any CPU.ActiveCfg = Debug|Any CPU
		{548862D3-39B5-4121-8941-2FD9FBF3E60A}.Debug|Any CPU.Build.0 = Debug|Any CPU
		{548862D3-39B5-4121-8941-2FD9FBF3E60A}.Debug|x64.ActiveCfg = Debug|Any CPU
		{548862D3-39B5-4121-8941-2FD9FBF3E60A}.Debug|x64.Build.0 = Debug|Any CPU
		{548862D3-39B5-4121-8941-2FD9FBF3E60A}.Debug|x86.ActiveCfg = Debug|Any CPU
		{548862D3-39B5-4121-8941-2FD9FBF3E60A}.Debug|x86.Build.0 = Debug|Any CPU
		{548862D3-39B5-4121-8941-2FD9FBF3E60A}.Release|Any CPU.ActiveCfg = Release|Any CPU
		{548862D3-39B5-4121-8941-2FD9FBF3E60A}.Release|Any CPU.Build.0 = Release|Any CPU
		{548862D3-39B5-4121-8941-2FD9FBF3E60A}.Release|x64.ActiveCfg = Release|Any CPU
		{548862D3-39B5-4121-8941-2FD9FBF3E60A}.Release|x64.Build.0 = Release|Any CPU
		{548862D3-39B5-4121-8941-2FD9FBF3E60A}.Release|x86.ActiveCfg = Release|Any CPU
		{548862D3-39B5-4121-8941-2FD9FBF3E60A}.Release|x86.Build.0 = Release|Any CPU
	EndGlobalSection
	GlobalSection(SolutionProperties) = preSolution
		HideSolutionNode = FALSE
	EndGlobalSection
	GlobalSection(NestedProjects) = preSolution
		{B493DECA-61AD-499E-97C4-324756EFC154} = {827E0CD3-B72D-47B6-A68D-7590B98EB39B}
		{978C8D7C-9B92-4C3D-8696-D33E05C2CA42} = {827E0CD3-B72D-47B6-A68D-7590B98EB39B}
		{03B5C6E8-4470-4027-98AB-ECA9E594C9A3} = {827E0CD3-B72D-47B6-A68D-7590B98EB39B}
		{548862D3-39B5-4121-8941-2FD9FBF3E60A} = {827E0CD3-B72D-47B6-A68D-7590B98EB39B}
	EndGlobalSection
EndGlobal
